
Microsoft Visual Studio Solution File, Format Version 12.00
# Visual Studio Version 16
VisualStudioVersion = 16.0.30717.126
MinimumVisualStudioVersion = 10.0.40219.1
Project("{9A19103F-16F7-4668-BE54-9A1E7A4F7556}") = "CarGaleryEntities", "ConsoleApp1\CarGaleryEntities.csproj", "{39446913-F5E8-433C-8DD8-3B545C6A9059}"
EndProject
Project("{9A19103F-16F7-4668-BE54-9A1E7A4F7556}") = "CarGaleryDataAccess", "CarGaleryDataAccess\CarGaleryDataAccess.csproj", "{7F20D57E-7068-4348-8B70-3FCCCB4443D5}"
EndProject
Project("{FAE04EC0-301F-11D3-BF4B-00C04F79EFBC}") = "CarGalery.Business", "CarGalery.Business\CarGalery.Business.csproj", "{C1275416-249C-460D-8A21-3B5838978D2C}"
EndProject
Global
	GlobalSection(SolutionConfigurationPlatforms) = preSolution
		Debug|Any CPU = Debug|Any CPU
		Release|Any CPU = Release|Any CPU
	EndGlobalSection
	GlobalSection(ProjectConfigurationPlatforms) = postSolution
		{39446913-F5E8-433C-8DD8-3B545C6A9059}.Debug|Any CPU.ActiveCfg = Debug|Any CPU
		{39446913-F5E8-433C-8DD8-3B545C6A9059}.Debug|Any CPU.Build.0 = Debug|Any CPU
		{39446913-F5E8-433C-8DD8-3B545C6A9059}.Release|Any CPU.ActiveCfg = Release|Any CPU
		{39446913-F5E8-433C-8DD8-3B545C6A9059}.Release|Any CPU.Build.0 = Release|Any CPU
		{7F20D57E-7068-4348-8B70-3FCCCB4443D5}.Debug|Any CPU.ActiveCfg = Debug|Any CPU
		{7F20D57E-7068-4348-8B70-3FCCCB4443D5}.Debug|Any CPU.Build.0 = Debug|Any CPU
		{7F20D57E-7068-4348-8B70-3FCCCB4443D5}.Release|Any CPU.ActiveCfg = Release|Any CPU
		{7F20D57E-7068-4348-8B70-3FCCCB4443D5}.Release|Any CPU.Build.0 = Release|Any CPU
		{C1275416-249C-460D-8A21-3B5838978D2C}.Debug|Any CPU.ActiveCfg = Debug|Any CPU
		{C1275416-249C-460D-8A21-3B5838978D2C}.Debug|Any CPU.Build.0 = Debug|Any CPU
		{C1275416-249C-460D-8A21-3B5838978D2C}.Release|Any CPU.ActiveCfg = Release|Any CPU
		{C1275416-249C-460D-8A21-3B5838978D2C}.Release|Any CPU.Build.0 = Release|Any CPU
	EndGlobalSection
	GlobalSection(SolutionProperties) = preSolution
		HideSolutionNode = FALSE
	EndGlobalSection
	GlobalSection(ExtensibilityGlobals) = postSolution
		SolutionGuid = {BD426AD5-D93C-4DD0-A569-1A372598ACDD}
	EndGlobalSection
EndGlobal
